
Microsoft Visual Studio Solution File, Format Version 12.00
# Visual Studio Version 17
VisualStudioVersion = 17.0.31903.59
MinimumVisualStudioVersion = 10.0.40219.1
Project("{FAE04EC0-301F-11D3-BF4B-00C04F79EFBC}") = "API", "API\API.csproj", "{20C84F14-ADB7-49FC-BCF9-9B69CC80737D}"
EndProject
Project("{FAE04EC0-301F-11D3-BF4B-00C04F79EFBC}") = "Application", "Application\Application.csproj", "{37ED5B3D-E296-4377-AC12-01AB004E86E6}"
EndProject
Project("{FAE04EC0-301F-11D3-BF4B-00C04F79EFBC}") = "Domain", "Domain\Domain.csproj", "{274BE628-7B24-4809-A7D1-08D4D292DBD6}"
EndProject
Project("{FAE04EC0-301F-11D3-BF4B-00C04F79EFBC}") = "Persistence", "Persistence\Persistence.csproj", "{2C226947-76CD-473B-A1AB-A68310C972E1}"
EndProject
Global
	GlobalSection(SolutionConfigurationPlatforms) = preSolution
		Debug|Any CPU = Debug|Any CPU
		Release|Any CPU = Release|Any CPU
	EndGlobalSection
	GlobalSection(SolutionProperties) = preSolution
		HideSolutionNode = FALSE
	EndGlobalSection
	GlobalSection(ProjectConfigurationPlatforms) = postSolution
		{20C84F14-ADB7-49FC-BCF9-9B69CC80737D}.Debug|Any CPU.ActiveCfg = Debug|Any CPU
		{20C84F14-ADB7-49FC-BCF9-9B69CC80737D}.Debug|Any CPU.Build.0 = Debug|Any CPU
		{20C84F14-ADB7-49FC-BCF9-9B69CC80737D}.Release|Any CPU.ActiveCfg = Release|Any CPU
		{20C84F14-ADB7-49FC-BCF9-9B69CC80737D}.Release|Any CPU.Build.0 = Release|Any CPU
		{37ED5B3D-E296-4377-AC12-01AB004E86E6}.Debug|Any CPU.ActiveCfg = Debug|Any CPU
		{37ED5B3D-E296-4377-AC12-01AB004E86E6}.Debug|Any CPU.Build.0 = Debug|Any CPU
		{37ED5B3D-E296-4377-AC12-01AB004E86E6}.Release|Any CPU.ActiveCfg = Release|Any CPU
		{37ED5B3D-E296-4377-AC12-01AB004E86E6}.Release|Any CPU.Build.0 = Release|Any CPU
		{274BE628-7B24-4809-A7D1-08D4D292DBD6}.Debug|Any CPU.ActiveCfg = Debug|Any CPU
		{274BE628-7B24-4809-A7D1-08D4D292DBD6}.Debug|Any CPU.Build.0 = Debug|Any CPU
		{274BE628-7B24-4809-A7D1-08D4D292DBD6}.Release|Any CPU.ActiveCfg = Release|Any CPU
		{274BE628-7B24-4809-A7D1-08D4D292DBD6}.Release|Any CPU.Build.0 = Release|Any CPU
		{2C226947-76CD-473B-A1AB-A68310C972E1}.Debug|Any CPU.ActiveCfg = Debug|Any CPU
		{2C226947-76CD-473B-A1AB-A68310C972E1}.Debug|Any CPU.Build.0 = Debug|Any CPU
		{2C226947-76CD-473B-A1AB-A68310C972E1}.Release|Any CPU.ActiveCfg = Release|Any CPU
		{2C226947-76CD-473B-A1AB-A68310C972E1}.Release|Any CPU.Build.0 = Release|Any CPU
	EndGlobalSection
EndGlobal
